
Microsoft Visual Studio Solution File, Format Version 12.00
# Visual Studio Version 17
VisualStudioVersion = 17.3.32811.315
MinimumVisualStudioVersion = 10.0.40219.1
Project("{8BC9CEB8-8B4A-11D0-8D11-00A0C91BC942}") = "ConsoleApplication1", "ConsoleApplication1\ConsoleApplication1.vcxproj", "{DDA8AF7C-8555-4308-9ECB-B3908CDBEE66}"
EndProject
Project("{8BC9CEB8-8B4A-11D0-8D11-00A0C91BC942}") = "TemplateClasesStruct", "TemplateClasesStruct\TemplateClasesStruct.vcxproj", "{62C3E64A-C8BC-4163-BB60-1556C69DCB20}"
EndProject
Global
	GlobalSection(SolutionConfigurationPlatforms) = preSolution
		Debug|x64 = Debug|x64
		Debug|x86 = Debug|x86
		Release|x64 = Release|x64
		Release|x86 = Release|x86
	EndGlobalSection
	GlobalSection(ProjectConfigurationPlatforms) = postSolution
		{DDA8AF7C-8555-4308-9ECB-B3908CDBEE66}.Debug|x64.ActiveCfg = Debug|x64
		{DDA8AF7C-8555-4308-9ECB-B3908CDBEE66}.Debug|x64.Build.0 = Debug|x64
		{DDA8AF7C-8555-4308-9ECB-B3908CDBEE66}.Debug|x86.ActiveCfg = Debug|Win32
		{DDA8AF7C-8555-4308-9ECB-B3908CDBEE66}.Debug|x86.Build.0 = Debug|Win32
		{DDA8AF7C-8555-4308-9ECB-B3908CDBEE66}.Release|x64.ActiveCfg = Release|x64
		{DDA8AF7C-8555-4308-9ECB-B3908CDBEE66}.Release|x64.Build.0 = Release|x64
		{DDA8AF7C-8555-4308-9ECB-B3908CDBEE66}.Release|x86.ActiveCfg = Release|Win32
		{DDA8AF7C-8555-4308-9ECB-B3908CDBEE66}.Release|x86.Build.0 = Release|Win32
		{62C3E64A-C8BC-4163-BB60-1556C69DCB20}.Debug|x64.ActiveCfg = Debug|x64
		{62C3E64A-C8BC-4163-BB60-1556C69DCB20}.Debug|x64.Build.0 = Debug|x64
		{62C3E64A-C8BC-4163-BB60-1556C69DCB20}.Debug|x86.ActiveCfg = Debug|Win32
		{62C3E64A-C8BC-4163-BB60-1556C69DCB20}.Debug|x86.Build.0 = Debug|Win32
		{62C3E64A-C8BC-4163-BB60-1556C69DCB20}.Release|x64.ActiveCfg = Release|x64
		{62C3E64A-C8BC-4163-BB60-1556C69DCB20}.Release|x64.Build.0 = Release|x64
		{62C3E64A-C8BC-4163-BB60-1556C69DCB20}.Release|x86.ActiveCfg = Release|Win32
		{62C3E64A-C8BC-4163-BB60-1556C69DCB20}.Release|x86.Build.0 = Release|Win32
	EndGlobalSection
	GlobalSection(SolutionProperties) = preSolution
		HideSolutionNode = FALSE
	EndGlobalSection
	GlobalSection(ExtensibilityGlobals) = postSolution
		SolutionGuid = {BD9CA480-DD9A-4A44-9B6C-451A8E4ED94B}
	EndGlobalSection
EndGlobal
